
Microsoft Visual Studio Solution File, Format Version 12.00
# Visual Studio Version 17
VisualStudioVersion = 17.14.36930.0 d17.14
MinimumVisualStudioVersion = 10.0.40219.1
Project("{FAE04EC0-301F-11D3-BF4B-00C04F79EFBC}") = "TipCalculatorGrid", "TipCalculatorGrid\TipCalculatorGrid.csproj", "{A3EDA584-C5B8-4DDA-AD06-B17DE3D5507C}"
EndProject
Global
	GlobalSection(SolutionConfigurationPlatforms) = preSolution
		Debug|Any CPU = Debug|Any CPU
		Release|Any CPU = Release|Any CPU
	EndGlobalSection
	GlobalSection(ProjectConfigurationPlatforms) = postSolution
		{A3EDA584-C5B8-4DDA-AD06-B17DE3D5507C}.Debug|Any CPU.ActiveCfg = Debug|Any CPU
		{A3EDA584-C5B8-4DDA-AD06-B17DE3D5507C}.Debug|Any CPU.Build.0 = Debug|Any CPU
		{A3EDA584-C5B8-4DDA-AD06-B17DE3D5507C}.Release|Any CPU.ActiveCfg = Release|Any CPU
		{A3EDA584-C5B8-4DDA-AD06-B17DE3D5507C}.Release|Any CPU.Build.0 = Release|Any CPU
	EndGlobalSection
	GlobalSection(SolutionProperties) = preSolution
		HideSolutionNode = FALSE
	EndGlobalSection
	GlobalSection(ExtensibilityGlobals) = postSolution
		SolutionGuid = {CAC2AF2C-BEB5-464E-9742-DE53A3D38EB3}
	EndGlobalSection
EndGlobal
